
Microsoft Visual Studio Solution File, Format Version 12.00
# Visual Studio Version 16
VisualStudioVersion = 16.0.31019.35
MinimumVisualStudioVersion = 10.0.40219.1
Project("{FAE04EC0-301F-11D3-BF4B-00C04F79EFBC}") = "Demo", "Demo\Demo.csproj", "{C7250AC2-D2BE-4ED0-8661-509B200D36A4}"
EndProject
Global
	GlobalSection(SolutionConfigurationPlatforms) = preSolution
		Debug|Any CPU = Debug|Any CPU
		Release|Any CPU = Release|Any CPU
	EndGlobalSection
	GlobalSection(ProjectConfigurationPlatforms) = postSolution
		{C7250AC2-D2BE-4ED0-8661-509B200D36A4}.Debug|Any CPU.ActiveCfg = Debug|Any CPU
		{C7250AC2-D2BE-4ED0-8661-509B200D36A4}.Debug|Any CPU.Build.0 = Debug|Any CPU
		{C7250AC2-D2BE-4ED0-8661-509B200D36A4}.Release|Any CPU.ActiveCfg = Release|Any CPU
		{C7250AC2-D2BE-4ED0-8661-509B200D36A4}.Release|Any CPU.Build.0 = Release|Any CPU
	EndGlobalSection
	GlobalSection(SolutionProperties) = preSolution
		HideSolutionNode = FALSE
	EndGlobalSection
	GlobalSection(ExtensibilityGlobals) = postSolution
		SolutionGuid = {214485B1-9821-4B31-AC26-6F7B1AA3B4A0}
	EndGlobalSection
EndGlobal
